
Microsoft Visual Studio Solution File, Format Version 12.00
# Visual Studio Version 16
VisualStudioVersion = 16.0.32413.511
MinimumVisualStudioVersion = 10.0.40219.1
Project("{FAE04EC0-301F-11D3-BF4B-00C04F79EFBC}") = "SOLID", "SOLID\SOLID.csproj", "{DD1A73E7-CAD7-442C-942C-747DB7001E76}"
EndProject
Global
	GlobalSection(SolutionConfigurationPlatforms) = preSolution
		Debug|Any CPU = Debug|Any CPU
		Release|Any CPU = Release|Any CPU
	EndGlobalSection
	GlobalSection(ProjectConfigurationPlatforms) = postSolution
		{DD1A73E7-CAD7-442C-942C-747DB7001E76}.Debug|Any CPU.ActiveCfg = Debug|Any CPU
		{DD1A73E7-CAD7-442C-942C-747DB7001E76}.Debug|Any CPU.Build.0 = Debug|Any CPU
		{DD1A73E7-CAD7-442C-942C-747DB7001E76}.Release|Any CPU.ActiveCfg = Release|Any CPU
		{DD1A73E7-CAD7-442C-942C-747DB7001E76}.Release|Any CPU.Build.0 = Release|Any CPU
	EndGlobalSection
	GlobalSection(SolutionProperties) = preSolution
		HideSolutionNode = FALSE
	EndGlobalSection
	GlobalSection(ExtensibilityGlobals) = postSolution
		SolutionGuid = {B2585E1C-7C4D-4063-AFCC-0FE03D75FFBC}
	EndGlobalSection
EndGlobal
